
Microsoft Visual Studio Solution File, Format Version 12.00
# Visual Studio Version 17
VisualStudioVersion = 17.7.34024.191
MinimumVisualStudioVersion = 10.0.40219.1
Project("{FAE04EC0-301F-11D3-BF4B-00C04F79EFBC}") = "TestProject", "TestProject.csproj", "{9586B4AD-3861-4962-A65A-9E0C1E5D164B}"
EndProject
Global
	GlobalSection(SolutionConfigurationPlatforms) = preSolution
		Debug|Any CPU = Debug|Any CPU
		Debug|x64 = Debug|x64
		Release|Any CPU = Release|Any CPU
		Release|x64 = Release|x64
	EndGlobalSection
	GlobalSection(ProjectConfigurationPlatforms) = postSolution
		{9586B4AD-3861-4962-A65A-9E0C1E5D164B}.Debug|Any CPU.ActiveCfg = Debug|Any CPU
		{9586B4AD-3861-4962-A65A-9E0C1E5D164B}.Debug|Any CPU.Build.0 = Debug|Any CPU
		{9586B4AD-3861-4962-A65A-9E0C1E5D164B}.Debug|x64.ActiveCfg = Debug|x64
		{9586B4AD-3861-4962-A65A-9E0C1E5D164B}.Debug|x64.Build.0 = Debug|x64
		{9586B4AD-3861-4962-A65A-9E0C1E5D164B}.Release|Any CPU.ActiveCfg = Release|Any CPU
		{9586B4AD-3861-4962-A65A-9E0C1E5D164B}.Release|Any CPU.Build.0 = Release|Any CPU
		{9586B4AD-3861-4962-A65A-9E0C1E5D164B}.Release|x64.ActiveCfg = Release|x64
		{9586B4AD-3861-4962-A65A-9E0C1E5D164B}.Release|x64.Build.0 = Release|x64
	EndGlobalSection
	GlobalSection(SolutionProperties) = preSolution
		HideSolutionNode = FALSE
	EndGlobalSection
	GlobalSection(ExtensibilityGlobals) = postSolution
		SolutionGuid = {5432E67A-B820-4A43-BB9B-E15575755DE9}
	EndGlobalSection
EndGlobal
