<?xml version="1.0" encoding="utf-8"?>
<Project ToolsVersion="4.0" xmlns="http://schemas.microsoft.com/developer/msbuild/2003">
  <ItemGroup>
    <Filter Include="Source Files">
      <UniqueIdentifier>{4FC737F1-C7A5-4376-A066-2A32D752A2FF}</UniqueIdentifier>
      <Extensions>cpp;c;cc;cxx;c++;cppm;ixx;def;odl;idl;hpj;bat;asm;asmx</Extensions>
    </Filter>
    <Filter Include="Header Files">
      <UniqueIdentifier>{93995380-89BD-4b04-88EB-625FBE52EBFB}</UniqueIdentifier>
      <Extensions>h;hh;hpp;hxx;h++;hm;inl;inc;ipp;xsd</Extensions>
    </Filter>
    <Filter Include="Resource Files">
      <UniqueIdentifier>{67DA6AB6-F800-4c08-8B7A-83BB121AAD01}</UniqueIdentifier>
      <Extensions>rc;ico;cur;bmp;dlg;rc2;rct;bin;rgs;gif;jpg;jpeg;jpe;resx;tiff;tif;png;wav;mfcribbon-ms</Extensions>
    </Filter>
    <Filter Include="Header Files\Components">
      <UniqueIdentifier>{1c103f92-c0cd-474f-8fc3-cfa3d9506e07}</UniqueIdentifier>
    </Filter>
    <Filter Include="Header Files\Systems">
      <UniqueIdentifier>{333ffc79-93f5-40de-b949-f3eb61d39194}</UniqueIdentifier>
    </Filter>
    <Filter Include="Header Files\Serialization">
      <UniqueIdentifier>{f2703310-d6eb-4ff6-8630-c12dc7d7e570}</UniqueIdentifier>
    </Filter>
    <Filter Include="Header Files\Scenes">
      <UniqueIdentifier>{3b42ed31-ba77-47ef-9a37-fb2447ae9ff2}</UniqueIdentifier>
    </Filter>
    <Filter Include="Header Files\Entities">
      <UniqueIdentifier>{32232c6e-b02c-45b9-bad9-2384634ccb46}</UniqueIdentifier>
    </Filter>
    <Filter Include="Header Files\Rendering">
      <UniqueIdentifier>{f4a6c1d9-5530-41d7-aada-247f84fe3c62}</UniqueIdentifier>
    </Filter>
    <Filter Include="Header Files\Input">
      <UniqueIdentifier>{24cc98a5-a6b9-4ac2-af22-33acf9381653}</UniqueIdentifier>
    </Filter>
    <Filter Include="Header Files\Basic">
      <UniqueIdentifier>{99d49d9a-3f7d-4ebd-be21-d325b215e22d}</UniqueIdentifier>
    </Filter>
  </ItemGroup>
  <ItemGroup>
    <ClInclude Include="framework.h">
      <Filter>Header Files</Filter>
    </ClInclude>
    <ClInclude Include="pch.h">
      <Filter>Header Files</Filter>
    </ClInclude>
    <ClInclude Include="M_Runtime.h">
      <Filter>Header Files</Filter>
    </ClInclude>
    <ClInclude Include="M_Engine.h">
      <Filter>Header Files</Filter>
    </ClInclude>
    <ClInclude Include="Minty.h">
      <Filter>Header Files</Filter>
    </ClInclude>
    <ClInclude Include="M_CommandLineParser.h">
      <Filter>Header Files</Filter>
    </ClInclude>
    <ClInclude Include="M_Window.h">
      <Filter>Header Files</Filter>
    </ClInclude>
    <ClInclude Include="M_Color.h">
      <Filter>Header Files</Filter>
    </ClInclude>
    <ClInclude Include="M_Types.h">
      <Filter>Header Files</Filter>
    </ClInclude>
    <ClInclude Include="M_Object.h">
      <Filter>Header Files</Filter>
    </ClInclude>
    <ClInclude Include="M_Math.h">
      <Filter>Header Files</Filter>
    </ClInclude>
    <ClInclude Include="M_Console.h">
      <Filter>Header Files</Filter>
    </ClInclude>
    <ClInclude Include="M_Vector2Int.h">
      <Filter>Header Files</Filter>
    </ClInclude>
    <ClInclude Include="M_Vector2.h">
      <Filter>Header Files</Filter>
    </ClInclude>
    <ClInclude Include="M_Stopwatch.h">
      <Filter>Header Files</Filter>
    </ClInclude>
    <ClInclude Include="M_Rect.h">
      <Filter>Header Files</Filter>
    </ClInclude>
    <ClInclude Include="M_RectF.h">
      <Filter>Header Files</Filter>
    </ClInclude>
    <ClInclude Include="M_Event.h">
      <Filter>Header Files</Filter>
    </ClInclude>
    <ClInclude Include="M_File.h">
      <Filter>Header Files</Filter>
    </ClInclude>
    <ClInclude Include="M_Vector3.h">
      <Filter>Header Files</Filter>
    </ClInclude>
    <ClInclude Include="M_Vector3Int.h">
      <Filter>Header Files</Filter>
    </ClInclude>
    <ClInclude Include="M_Viewport.h">
      <Filter>Header Files</Filter>
    </ClInclude>
    <ClInclude Include="M_NameComponent.h">
      <Filter>Header Files\Components</Filter>
    </ClInclude>
    <ClInclude Include="M_SerializedNode.h">
      <Filter>Header Files\Serialization</Filter>
    </ClInclude>
    <ClInclude Include="M_ISerializable.h">
      <Filter>Header Files\Serialization</Filter>
    </ClInclude>
    <ClInclude Include="M_Component.h">
      <Filter>Header Files\Components</Filter>
    </ClInclude>
    <ClInclude Include="M_System.h">
      <Filter>Header Files\Systems</Filter>
    </ClInclude>
    <ClInclude Include="M_SystemRegistry.h">
      <Filter>Header Files\Systems</Filter>
    </ClInclude>
    <ClInclude Include="M_Scene.h">
      <Filter>Header Files\Scenes</Filter>
    </ClInclude>
    <ClInclude Include="M_SceneManager.h">
      <Filter>Header Files\Scenes</Filter>
    </ClInclude>
    <ClInclude Include="M_EntityRegistry.h">
      <Filter>Header Files\Entities</Filter>
    </ClInclude>
    <ClInclude Include="M_PositionComponent.h">
      <Filter>Header Files\Components</Filter>
    </ClInclude>
    <ClInclude Include="M_RotationComponent.h">
      <Filter>Header Files\Components</Filter>
    </ClInclude>
    <ClInclude Include="M_ScaleComponent.h">
      <Filter>Header Files\Components</Filter>
    </ClInclude>
    <ClInclude Include="M_Writer.h">
      <Filter>Header Files\Serialization</Filter>
    </ClInclude>
    <ClInclude Include="M_Reader.h">
      <Filter>Header Files\Serialization</Filter>
    </ClInclude>
    <ClInclude Include="M_Parse.h">
      <Filter>Header Files</Filter>
    </ClInclude>
    <ClInclude Include="M_CameraComponent.h">
      <Filter>Header Files\Components</Filter>
    </ClInclude>
    <ClInclude Include="M_String.h">
      <Filter>Header Files</Filter>
    </ClInclude>
    <ClInclude Include="libraries\entt\entt.hpp">
      <Filter>Header Files</Filter>
    </ClInclude>
    <ClInclude Include="M_Transform.h">
      <Filter>Header Files</Filter>
    </ClInclude>
    <ClInclude Include="M_OriginComponent.h">
      <Filter>Header Files\Components</Filter>
    </ClInclude>
    <ClInclude Include="M_MeshComponent.h">
      <Filter>Header Files\Components</Filter>
    </ClInclude>
    <ClInclude Include="M_Info.h">
      <Filter>Header Files</Filter>
    </ClInclude>
    <ClInclude Include="M_Rendering_RendererBuilder.h">
      <Filter>Header Files\Rendering</Filter>
    </ClInclude>
    <ClInclude Include="M_Renderer.h">
      <Filter>Header Files\Rendering</Filter>
    </ClInclude>
    <ClInclude Include="M_Rendering_TextureBuilder.h">
      <Filter>Header Files\Rendering</Filter>
    </ClInclude>
    <ClInclude Include="M_Register.h">
      <Filter>Header Files</Filter>
    </ClInclude>
    <ClInclude Include="M_Rendering_ShaderBuilder.h">
      <Filter>Header Files\Rendering</Filter>
    </ClInclude>
    <ClInclude Include="M_Shader.h">
      <Filter>Header Files\Rendering</Filter>
    </ClInclude>
    <ClInclude Include="M_Texture.h">
      <Filter>Header Files\Rendering</Filter>
    </ClInclude>
    <ClInclude Include="M_Mesh.h">
      <Filter>Header Files\Rendering</Filter>
    </ClInclude>
    <ClInclude Include="M_Material.h">
      <Filter>Header Files\Rendering</Filter>
    </ClInclude>
    <ClInclude Include="M_Key.h">
      <Filter>Header Files\Input</Filter>
    </ClInclude>
    <ClInclude Include="M_KeyAction.h">
      <Filter>Header Files\Input</Filter>
    </ClInclude>
    <ClInclude Include="M_KeyModifiers.h">
      <Filter>Header Files\Input</Filter>
    </ClInclude>
    <ClInclude Include="M_MouseButton.h">
      <Filter>Header Files\Input</Filter>
    </ClInclude>
    <ClInclude Include="M_InputMap.h">
      <Filter>Header Files\Input</Filter>
    </ClInclude>
    <ClInclude Include="glm.hpp">
      <Filter>Header Files</Filter>
    </ClInclude>
    <ClInclude Include="M_Basic_Vertex.h">
      <Filter>Header Files\Basic</Filter>
    </ClInclude>
    <ClInclude Include="M_Basic.h">
      <Filter>Header Files\Basic</Filter>
    </ClInclude>
    <ClInclude Include="M_Rendering_MaterialBuilder.h">
      <Filter>Header Files\Rendering</Filter>
    </ClInclude>
    <ClInclude Include="M_Rendering_Object.h">
      <Filter>Header Files\Rendering</Filter>
    </ClInclude>
    <ClInclude Include="M_Error.h">
      <Filter>Header Files</Filter>
    </ClInclude>
    <ClInclude Include="M_Rendering_DrawCallObjectInfo.h">
      <Filter>Header Files\Rendering</Filter>
    </ClInclude>
  </ItemGroup>
  <ItemGroup>
    <ClCompile Include="dllmain.cpp">
      <Filter>Source Files</Filter>
    </ClCompile>
    <ClCompile Include="pch.cpp">
      <Filter>Source Files</Filter>
    </ClCompile>
    <ClCompile Include="M_Runtime.cpp">
      <Filter>Source Files</Filter>
    </ClCompile>
    <ClCompile Include="M_Renderer.cpp">
      <Filter>Source Files</Filter>
    </ClCompile>
    <ClCompile Include="M_Engine.cpp">
      <Filter>Source Files</Filter>
    </ClCompile>
    <ClCompile Include="M_CommandLineParser.cpp">
      <Filter>Source Files</Filter>
    </ClCompile>
    <ClCompile Include="M_Window.cpp">
      <Filter>Source Files</Filter>
    </ClCompile>
    <ClCompile Include="M_Color.cpp">
      <Filter>Source Files</Filter>
    </ClCompile>
    <ClCompile Include="M_Object.cpp">
      <Filter>Source Files</Filter>
    </ClCompile>
    <ClCompile Include="M_Math.cpp">
      <Filter>Source Files</Filter>
    </ClCompile>
    <ClCompile Include="M_Console.cpp">
      <Filter>Source Files</Filter>
    </ClCompile>
    <ClCompile Include="M_Vector2Int.cpp">
      <Filter>Source Files</Filter>
    </ClCompile>
    <ClCompile Include="M_Vector2.cpp">
      <Filter>Source Files</Filter>
    </ClCompile>
    <ClCompile Include="M_Stopwatch.cpp">
      <Filter>Source Files</Filter>
    </ClCompile>
    <ClCompile Include="M_Rect.cpp">
      <Filter>Source Files</Filter>
    </ClCompile>
    <ClCompile Include="M_RectF.cpp">
      <Filter>Source Files</Filter>
    </ClCompile>
    <ClCompile Include="M_File.cpp">
      <Filter>Source Files</Filter>
    </ClCompile>
    <ClCompile Include="M_Mesh.cpp">
      <Filter>Source Files</Filter>
    </ClCompile>
    <ClCompile Include="M_Vector3.cpp">
      <Filter>Source Files</Filter>
    </ClCompile>
    <ClCompile Include="M_Vector3Int.cpp">
      <Filter>Source Files</Filter>
    </ClCompile>
    <ClCompile Include="M_Texture.cpp">
      <Filter>Source Files</Filter>
    </ClCompile>
    <ClCompile Include="M_InputMap.cpp">
      <Filter>Source Files</Filter>
    </ClCompile>
    <ClCompile Include="M_Material.cpp">
      <Filter>Source Files</Filter>
    </ClCompile>
    <ClCompile Include="M_Viewport.cpp">
      <Filter>Source Files</Filter>
    </ClCompile>
    <ClCompile Include="M_Shader.cpp">
      <Filter>Source Files</Filter>
    </ClCompile>
    <ClCompile Include="M_Scene.cpp">
      <Filter>Source Files</Filter>
    </ClCompile>
    <ClCompile Include="M_System.cpp">
      <Filter>Source Files</Filter>
    </ClCompile>
    <ClCompile Include="M_SystemRegistry.cpp">
      <Filter>Source Files</Filter>
    </ClCompile>
    <ClCompile Include="M_SerializedNode.cpp">
      <Filter>Source Files</Filter>
    </ClCompile>
    <ClCompile Include="M_EntityRegistry.cpp">
      <Filter>Source Files</Filter>
    </ClCompile>
    <ClCompile Include="M_SceneManager.cpp">
      <Filter>Source Files</Filter>
    </ClCompile>
    <ClCompile Include="M_NameComponent.cpp">
      <Filter>Source Files</Filter>
    </ClCompile>
    <ClCompile Include="M_PositionComponent.cpp">
      <Filter>Source Files</Filter>
    </ClCompile>
    <ClCompile Include="M_RotationComponent.cpp">
      <Filter>Source Files</Filter>
    </ClCompile>
    <ClCompile Include="M_ScaleComponent.cpp">
      <Filter>Source Files</Filter>
    </ClCompile>
    <ClCompile Include="M_Reader.cpp">
      <Filter>Source Files</Filter>
    </ClCompile>
    <ClCompile Include="M_Writer.cpp">
      <Filter>Source Files</Filter>
    </ClCompile>
    <ClCompile Include="M_Parse.cpp">
      <Filter>Source Files</Filter>
    </ClCompile>
    <ClCompile Include="M_CameraComponent.cpp">
      <Filter>Source Files</Filter>
    </ClCompile>
    <ClCompile Include="M_MeshComponent.cpp">
      <Filter>Source Files</Filter>
    </ClCompile>
    <ClCompile Include="M_OriginComponent.cpp">
      <Filter>Source Files</Filter>
    </ClCompile>
    <ClCompile Include="M_Info.cpp">
      <Filter>Source Files</Filter>
    </ClCompile>
    <ClCompile Include="M_Rendering_RendererBuilder.cpp">
      <Filter>Source Files</Filter>
    </ClCompile>
    <ClCompile Include="M_Rendering_TextureBuilder.cpp">
      <Filter>Source Files</Filter>
    </ClCompile>
    <ClCompile Include="M_Rendering_ShaderBuilder.cpp">
      <Filter>Source Files</Filter>
    </ClCompile>
    <ClCompile Include="M_Rendering_Object.cpp">
      <Filter>Source Files</Filter>
    </ClCompile>
    <ClCompile Include="M_Basic.cpp">
      <Filter>Source Files</Filter>
    </ClCompile>
    <ClCompile Include="M_Rendering_MaterialBuilder.cpp">
      <Filter>Source Files</Filter>
    </ClCompile>
    <ClCompile Include="M_Error.cpp">
      <Filter>Source Files</Filter>
    </ClCompile>
  </ItemGroup>
  <ItemGroup>
    <Text Include="notes.txt" />
  </ItemGroup>
  <ItemGroup>
    <None Include="M_Constants.h">
      <Filter>Header Files</Filter>
    </None>
  </ItemGroup>
</Project>