<?xml version="1.0" encoding="utf-8"?>
<Project ToolsVersion="4.0" xmlns="http://schemas.microsoft.com/developer/msbuild/2003">
  <ItemGroup>
    <Filter Include="Source Files">
      <UniqueIdentifier>{4FC737F1-C7A5-4376-A066-2A32D752A2FF}</UniqueIdentifier>
      <Extensions>cpp;c;cc;cxx;c++;cppm;ixx;def;odl;idl;hpj;bat;asm;asmx</Extensions>
    </Filter>
    <Filter Include="Header Files">
      <UniqueIdentifier>{93995380-89BD-4b04-88EB-625FBE52EBFB}</UniqueIdentifier>
      <Extensions>h;hh;hpp;hxx;h++;hm;inl;inc;ipp;xsd</Extensions>
    </Filter>
    <Filter Include="Resource Files">
      <UniqueIdentifier>{67DA6AB6-F800-4c08-8B7A-83BB121AAD01}</UniqueIdentifier>
      <Extensions>rc;ico;cur;bmp;dlg;rc2;rct;bin;rgs;gif;jpg;jpeg;jpe;resx;tiff;tif;png;wav;mfcribbon-ms</Extensions>
    </Filter>
  </ItemGroup>
  <ItemGroup>
    <ClInclude Include="framework.h">
      <Filter>Header Files</Filter>
    </ClInclude>
    <ClInclude Include="pch.h">
      <Filter>Header Files</Filter>
    </ClInclude>
    <ClInclude Include="M_Runtime.h">
      <Filter>Header Files</Filter>
    </ClInclude>
    <ClInclude Include="M_RenderEngine.h">
      <Filter>Header Files</Filter>
    </ClInclude>
    <ClInclude Include="M_GameEngine.h">
      <Filter>Header Files</Filter>
    </ClInclude>
    <ClInclude Include="Minty.h">
      <Filter>Header Files</Filter>
    </ClInclude>
    <ClInclude Include="M_CommandLineParser.h">
      <Filter>Header Files</Filter>
    </ClInclude>
    <ClInclude Include="M_Project.h">
      <Filter>Header Files</Filter>
    </ClInclude>
    <ClInclude Include="M_Window.h">
      <Filter>Header Files</Filter>
    </ClInclude>
    <ClInclude Include="M_Color.h">
      <Filter>Header Files</Filter>
    </ClInclude>
    <ClInclude Include="M_Types.h">
      <Filter>Header Files</Filter>
    </ClInclude>
    <ClInclude Include="M_Object.h">
      <Filter>Header Files</Filter>
    </ClInclude>
    <ClInclude Include="M_Math.h">
      <Filter>Header Files</Filter>
    </ClInclude>
    <ClInclude Include="M_Console.h">
      <Filter>Header Files</Filter>
    </ClInclude>
    <ClInclude Include="M_Vector2Int.h">
      <Filter>Header Files</Filter>
    </ClInclude>
    <ClInclude Include="M_Vector2.h">
      <Filter>Header Files</Filter>
    </ClInclude>
    <ClInclude Include="M_Stopwatch.h">
      <Filter>Header Files</Filter>
    </ClInclude>
    <ClInclude Include="M_Rect.h">
      <Filter>Header Files</Filter>
    </ClInclude>
    <ClInclude Include="M_RectF.h">
      <Filter>Header Files</Filter>
    </ClInclude>
    <ClInclude Include="M_Event.h">
      <Filter>Header Files</Filter>
    </ClInclude>
    <ClInclude Include="M_File.h">
      <Filter>Header Files</Filter>
    </ClInclude>
    <ClInclude Include="M_Mesh.h">
      <Filter>Header Files</Filter>
    </ClInclude>
    <ClInclude Include="M_Vector3.h">
      <Filter>Header Files</Filter>
    </ClInclude>
    <ClInclude Include="M_Vector3Int.h">
      <Filter>Header Files</Filter>
    </ClInclude>
    <ClInclude Include="M_Texture.h">
      <Filter>Header Files</Filter>
    </ClInclude>
    <ClInclude Include="entt.hpp">
      <Filter>Header Files</Filter>
    </ClInclude>
  </ItemGroup>
  <ItemGroup>
    <ClCompile Include="dllmain.cpp">
      <Filter>Source Files</Filter>
    </ClCompile>
    <ClCompile Include="pch.cpp">
      <Filter>Source Files</Filter>
    </ClCompile>
    <ClCompile Include="M_Runtime.cpp">
      <Filter>Source Files</Filter>
    </ClCompile>
    <ClCompile Include="M_RenderEngine.cpp">
      <Filter>Source Files</Filter>
    </ClCompile>
    <ClCompile Include="M_GameEngine.cpp">
      <Filter>Source Files</Filter>
    </ClCompile>
    <ClCompile Include="M_CommandLineParser.cpp">
      <Filter>Source Files</Filter>
    </ClCompile>
    <ClCompile Include="M_Project.cpp">
      <Filter>Source Files</Filter>
    </ClCompile>
    <ClCompile Include="M_Window.cpp">
      <Filter>Source Files</Filter>
    </ClCompile>
    <ClCompile Include="M_Color.cpp">
      <Filter>Source Files</Filter>
    </ClCompile>
    <ClCompile Include="M_Object.cpp">
      <Filter>Source Files</Filter>
    </ClCompile>
    <ClCompile Include="M_Math.cpp">
      <Filter>Source Files</Filter>
    </ClCompile>
    <ClCompile Include="M_Console.cpp">
      <Filter>Source Files</Filter>
    </ClCompile>
    <ClCompile Include="M_Vector2Int.cpp">
      <Filter>Source Files</Filter>
    </ClCompile>
    <ClCompile Include="M_Vector2.cpp">
      <Filter>Source Files</Filter>
    </ClCompile>
    <ClCompile Include="M_Stopwatch.cpp">
      <Filter>Source Files</Filter>
    </ClCompile>
    <ClCompile Include="M_Rect.cpp">
      <Filter>Source Files</Filter>
    </ClCompile>
    <ClCompile Include="M_RectF.cpp">
      <Filter>Source Files</Filter>
    </ClCompile>
    <ClCompile Include="M_Event.cpp">
      <Filter>Source Files</Filter>
    </ClCompile>
    <ClCompile Include="M_File.cpp">
      <Filter>Source Files</Filter>
    </ClCompile>
    <ClCompile Include="M_Mesh.cpp">
      <Filter>Source Files</Filter>
    </ClCompile>
    <ClCompile Include="M_Vector3.cpp">
      <Filter>Source Files</Filter>
    </ClCompile>
    <ClCompile Include="M_Vector3Int.cpp">
      <Filter>Source Files</Filter>
    </ClCompile>
    <ClCompile Include="M_Texture.cpp">
      <Filter>Source Files</Filter>
    </ClCompile>
  </ItemGroup>
</Project>