<?xml version="1.0" encoding="utf-8"?>
<Project ToolsVersion="4.0" xmlns="http://schemas.microsoft.com/developer/msbuild/2003">
  <ItemGroup>
    <Filter Include="Source Files">
      <UniqueIdentifier>{4FC737F1-C7A5-4376-A066-2A32D752A2FF}</UniqueIdentifier>
      <Extensions>cpp;c;cc;cxx;c++;cppm;ixx;def;odl;idl;hpj;bat;asm;asmx</Extensions>
    </Filter>
    <Filter Include="Header Files">
      <UniqueIdentifier>{93995380-89BD-4b04-88EB-625FBE52EBFB}</UniqueIdentifier>
      <Extensions>h;hh;hpp;hxx;h++;hm;inl;inc;ipp;xsd</Extensions>
    </Filter>
    <Filter Include="Resource Files">
      <UniqueIdentifier>{67DA6AB6-F800-4c08-8B7A-83BB121AAD01}</UniqueIdentifier>
      <Extensions>rc;ico;cur;bmp;dlg;rc2;rct;bin;rgs;gif;jpg;jpeg;jpe;resx;tiff;tif;png;wav;mfcribbon-ms</Extensions>
    </Filter>
    <Filter Include="Header Files\Components">
      <UniqueIdentifier>{1c103f92-c0cd-474f-8fc3-cfa3d9506e07}</UniqueIdentifier>
    </Filter>
    <Filter Include="Header Files\Systems">
      <UniqueIdentifier>{333ffc79-93f5-40de-b949-f3eb61d39194}</UniqueIdentifier>
    </Filter>
    <Filter Include="Header Files\Serialization">
      <UniqueIdentifier>{f2703310-d6eb-4ff6-8630-c12dc7d7e570}</UniqueIdentifier>
    </Filter>
    <Filter Include="Header Files\Scenes">
      <UniqueIdentifier>{3b42ed31-ba77-47ef-9a37-fb2447ae9ff2}</UniqueIdentifier>
    </Filter>
    <Filter Include="Header Files\Entities">
      <UniqueIdentifier>{32232c6e-b02c-45b9-bad9-2384634ccb46}</UniqueIdentifier>
    </Filter>
    <Filter Include="Header Files\Rendering">
      <UniqueIdentifier>{f4a6c1d9-5530-41d7-aada-247f84fe3c62}</UniqueIdentifier>
    </Filter>
    <Filter Include="Header Files\Input">
      <UniqueIdentifier>{24cc98a5-a6b9-4ac2-af22-33acf9381653}</UniqueIdentifier>
    </Filter>
    <Filter Include="Resource Files\Shaders">
      <UniqueIdentifier>{b7dff789-4b79-4049-aa6f-7ddcd995f28f}</UniqueIdentifier>
    </Filter>
    <Filter Include="Header Files\Builtin">
      <UniqueIdentifier>{ddbf4554-4699-450d-a3d1-6498173672f0}</UniqueIdentifier>
    </Filter>
    <Filter Include="Header Files\Audio">
      <UniqueIdentifier>{285b8544-8a3e-417a-91a5-c676b72da849}</UniqueIdentifier>
    </Filter>
    <Filter Include="Libraries">
      <UniqueIdentifier>{b4e04cf1-23d4-4b6a-b143-ae6761abb6e4}</UniqueIdentifier>
    </Filter>
    <Filter Include="Libraries\soloud">
      <UniqueIdentifier>{619426d2-06dd-4adc-9b9c-cad41effa3ae}</UniqueIdentifier>
    </Filter>
    <Filter Include="Header Files\Files">
      <UniqueIdentifier>{25b3dd32-a0eb-4c13-9cc9-efa7bee0e2f1}</UniqueIdentifier>
    </Filter>
    <Filter Include="Header Files\Animation">
      <UniqueIdentifier>{63fb4a8f-724c-450f-852f-d1a3410792cd}</UniqueIdentifier>
    </Filter>
  </ItemGroup>
  <ItemGroup>
    <ClInclude Include="framework.h">
      <Filter>Header Files</Filter>
    </ClInclude>
    <ClInclude Include="pch.h">
      <Filter>Header Files</Filter>
    </ClInclude>
    <ClInclude Include="M_Runtime.h">
      <Filter>Header Files</Filter>
    </ClInclude>
    <ClInclude Include="M_Engine.h">
      <Filter>Header Files</Filter>
    </ClInclude>
    <ClInclude Include="Minty.h">
      <Filter>Header Files</Filter>
    </ClInclude>
    <ClInclude Include="M_CommandLineParser.h">
      <Filter>Header Files</Filter>
    </ClInclude>
    <ClInclude Include="M_Window.h">
      <Filter>Header Files</Filter>
    </ClInclude>
    <ClInclude Include="M_Color.h">
      <Filter>Header Files</Filter>
    </ClInclude>
    <ClInclude Include="M_Types.h">
      <Filter>Header Files</Filter>
    </ClInclude>
    <ClInclude Include="M_Object.h">
      <Filter>Header Files</Filter>
    </ClInclude>
    <ClInclude Include="M_Math.h">
      <Filter>Header Files</Filter>
    </ClInclude>
    <ClInclude Include="M_Console.h">
      <Filter>Header Files</Filter>
    </ClInclude>
    <ClInclude Include="M_Stopwatch.h">
      <Filter>Header Files</Filter>
    </ClInclude>
    <ClInclude Include="M_Rect.h">
      <Filter>Header Files</Filter>
    </ClInclude>
    <ClInclude Include="M_RectF.h">
      <Filter>Header Files</Filter>
    </ClInclude>
    <ClInclude Include="M_Event.h">
      <Filter>Header Files</Filter>
    </ClInclude>
    <ClInclude Include="M_Viewport.h">
      <Filter>Header Files</Filter>
    </ClInclude>
    <ClInclude Include="M_NameComponent.h">
      <Filter>Header Files\Components</Filter>
    </ClInclude>
    <ClInclude Include="M_Node.h">
      <Filter>Header Files\Serialization</Filter>
    </ClInclude>
    <ClInclude Include="M_ISerializable.h">
      <Filter>Header Files\Serialization</Filter>
    </ClInclude>
    <ClInclude Include="M_Component.h">
      <Filter>Header Files\Components</Filter>
    </ClInclude>
    <ClInclude Include="M_System.h">
      <Filter>Header Files\Systems</Filter>
    </ClInclude>
    <ClInclude Include="M_SystemRegistry.h">
      <Filter>Header Files\Systems</Filter>
    </ClInclude>
    <ClInclude Include="M_Scene.h">
      <Filter>Header Files\Scenes</Filter>
    </ClInclude>
    <ClInclude Include="M_SceneManager.h">
      <Filter>Header Files\Scenes</Filter>
    </ClInclude>
    <ClInclude Include="M_EntityRegistry.h">
      <Filter>Header Files\Entities</Filter>
    </ClInclude>
    <ClInclude Include="M_Writer.h">
      <Filter>Header Files\Serialization</Filter>
    </ClInclude>
    <ClInclude Include="M_Reader.h">
      <Filter>Header Files\Serialization</Filter>
    </ClInclude>
    <ClInclude Include="M_Parse.h">
      <Filter>Header Files</Filter>
    </ClInclude>
    <ClInclude Include="M_CameraComponent.h">
      <Filter>Header Files\Components</Filter>
    </ClInclude>
    <ClInclude Include="libraries\entt\entt.hpp">
      <Filter>Header Files</Filter>
    </ClInclude>
    <ClInclude Include="M_MeshComponent.h">
      <Filter>Header Files\Components</Filter>
    </ClInclude>
    <ClInclude Include="M_Info.h">
      <Filter>Header Files</Filter>
    </ClInclude>
    <ClInclude Include="M_Rendering_RendererBuilder.h">
      <Filter>Header Files\Rendering</Filter>
    </ClInclude>
    <ClInclude Include="M_Rendering_TextureBuilder.h">
      <Filter>Header Files\Rendering</Filter>
    </ClInclude>
    <ClInclude Include="M_Register.h">
      <Filter>Header Files</Filter>
    </ClInclude>
    <ClInclude Include="M_Rendering_ShaderBuilder.h">
      <Filter>Header Files\Rendering</Filter>
    </ClInclude>
    <ClInclude Include="M_Shader.h">
      <Filter>Header Files\Rendering</Filter>
    </ClInclude>
    <ClInclude Include="M_Texture.h">
      <Filter>Header Files\Rendering</Filter>
    </ClInclude>
    <ClInclude Include="M_Mesh.h">
      <Filter>Header Files\Rendering</Filter>
    </ClInclude>
    <ClInclude Include="M_MaterialTemplate.h">
      <Filter>Header Files\Rendering</Filter>
    </ClInclude>
    <ClInclude Include="M_Key.h">
      <Filter>Header Files\Input</Filter>
    </ClInclude>
    <ClInclude Include="M_KeyAction.h">
      <Filter>Header Files\Input</Filter>
    </ClInclude>
    <ClInclude Include="M_KeyModifiers.h">
      <Filter>Header Files\Input</Filter>
    </ClInclude>
    <ClInclude Include="M_MouseButton.h">
      <Filter>Header Files\Input</Filter>
    </ClInclude>
    <ClInclude Include="M_InputMap.h">
      <Filter>Header Files\Input</Filter>
    </ClInclude>
    <ClInclude Include="glm.hpp">
      <Filter>Header Files</Filter>
    </ClInclude>
    <ClInclude Include="M_Rendering_Object.h">
      <Filter>Header Files\Rendering</Filter>
    </ClInclude>
    <ClInclude Include="M_Error.h">
      <Filter>Header Files</Filter>
    </ClInclude>
    <ClInclude Include="M_Rendering_DrawCallObjectInfo.h">
      <Filter>Header Files\Rendering</Filter>
    </ClInclude>
    <ClInclude Include="M_Rendering_MaterialTemplateBuilder.h">
      <Filter>Header Files\Rendering</Filter>
    </ClInclude>
    <ClInclude Include="M_Matrix.h">
      <Filter>Header Files</Filter>
    </ClInclude>
    <ClInclude Include="M_Vector.h">
      <Filter>Header Files</Filter>
    </ClInclude>
    <ClInclude Include="M_Quaternion.h">
      <Filter>Header Files</Filter>
    </ClInclude>
    <ClInclude Include="M_CursorMode.h">
      <Filter>Header Files\Input</Filter>
    </ClInclude>
    <ClInclude Include="glfw.hpp">
      <Filter>Header Files</Filter>
    </ClInclude>
    <ClInclude Include="M_RelationshipComponent.h">
      <Filter>Header Files\Components</Filter>
    </ClInclude>
    <ClInclude Include="M_TransformComponent.h">
      <Filter>Header Files\Components</Filter>
    </ClInclude>
    <ClInclude Include="M_Transform.h">
      <Filter>Header Files</Filter>
    </ClInclude>
    <ClInclude Include="M_Encoding.h">
      <Filter>Header Files</Filter>
    </ClInclude>
    <ClInclude Include="M_SpriteComponent.h">
      <Filter>Header Files\Components</Filter>
    </ClInclude>
    <ClInclude Include="M_Sprite.h">
      <Filter>Header Files\Rendering</Filter>
    </ClInclude>
    <ClInclude Include="M_UISystem.h">
      <Filter>Header Files\Systems</Filter>
    </ClInclude>
    <ClInclude Include="M_UITransformComponent.h">
      <Filter>Header Files\Components</Filter>
    </ClInclude>
    <ClInclude Include="M_ShaderPass.h">
      <Filter>Header Files\Rendering</Filter>
    </ClInclude>
    <ClInclude Include="M_Rendering_ShaderPassBuilder.h">
      <Filter>Header Files\Rendering</Filter>
    </ClInclude>
    <ClInclude Include="M_Material.h">
      <Filter>Header Files\Rendering</Filter>
    </ClInclude>
    <ClInclude Include="M_Rendering_MaterialBuilder.h">
      <Filter>Header Files\Rendering</Filter>
    </ClInclude>
    <ClInclude Include="M_Rendering_Buffer.h">
      <Filter>Header Files\Rendering</Filter>
    </ClInclude>
    <ClInclude Include="M_Rendering_UniformConstantInfo.h">
      <Filter>Header Files\Rendering</Filter>
    </ClInclude>
    <ClInclude Include="M_Rendering_PushConstantInfo.h">
      <Filter>Header Files\Rendering</Filter>
    </ClInclude>
    <ClInclude Include="M_Rendering_DescriptorSet.h">
      <Filter>Header Files\Rendering</Filter>
    </ClInclude>
    <ClInclude Include="M_Dynamic.h">
      <Filter>Header Files</Filter>
    </ClInclude>
    <ClInclude Include="M_SerializationData.h">
      <Filter>Header Files\Serialization</Filter>
    </ClInclude>
    <ClInclude Include="M_File.h">
      <Filter>Header Files\Files</Filter>
    </ClInclude>
    <ClInclude Include="vulkan.h">
      <Filter>Header Files</Filter>
    </ClInclude>
    <ClInclude Include="M_String.h">
      <Filter>Header Files</Filter>
    </ClInclude>
    <ClInclude Include="M_AudioEngine.h">
      <Filter>Header Files\Audio</Filter>
    </ClInclude>
    <ClInclude Include="M_AudioClip.h">
      <Filter>Header Files\Audio</Filter>
    </ClInclude>
    <ClInclude Include="soloud.h">
      <Filter>Libraries\soloud</Filter>
    </ClInclude>
    <ClInclude Include="soloud_audiosource.h">
      <Filter>Libraries\soloud</Filter>
    </ClInclude>
    <ClInclude Include="soloud_bassboostfilter.h">
      <Filter>Libraries\soloud</Filter>
    </ClInclude>
    <ClInclude Include="soloud_biquadresonantfilter.h">
      <Filter>Libraries\soloud</Filter>
    </ClInclude>
    <ClInclude Include="soloud_bus.h">
      <Filter>Libraries\soloud</Filter>
    </ClInclude>
    <ClInclude Include="soloud_c.h">
      <Filter>Libraries\soloud</Filter>
    </ClInclude>
    <ClInclude Include="soloud_dcremovalfilter.h">
      <Filter>Libraries\soloud</Filter>
    </ClInclude>
    <ClInclude Include="soloud_echofilter.h">
      <Filter>Libraries\soloud</Filter>
    </ClInclude>
    <ClInclude Include="soloud_error.h">
      <Filter>Libraries\soloud</Filter>
    </ClInclude>
    <ClInclude Include="soloud_fader.h">
      <Filter>Libraries\soloud</Filter>
    </ClInclude>
    <ClInclude Include="soloud_fft.h">
      <Filter>Libraries\soloud</Filter>
    </ClInclude>
    <ClInclude Include="soloud_fftfilter.h">
      <Filter>Libraries\soloud</Filter>
    </ClInclude>
    <ClInclude Include="soloud_file.h">
      <Filter>Libraries\soloud</Filter>
    </ClInclude>
    <ClInclude Include="soloud_file_hack_off.h">
      <Filter>Libraries\soloud</Filter>
    </ClInclude>
    <ClInclude Include="soloud_file_hack_on.h">
      <Filter>Libraries\soloud</Filter>
    </ClInclude>
    <ClInclude Include="soloud_filter.h">
      <Filter>Libraries\soloud</Filter>
    </ClInclude>
    <ClInclude Include="soloud_flangerfilter.h">
      <Filter>Libraries\soloud</Filter>
    </ClInclude>
    <ClInclude Include="soloud_freeverbfilter.h">
      <Filter>Libraries\soloud</Filter>
    </ClInclude>
    <ClInclude Include="soloud_internal.h">
      <Filter>Libraries\soloud</Filter>
    </ClInclude>
    <ClInclude Include="soloud_lofifilter.h">
      <Filter>Libraries\soloud</Filter>
    </ClInclude>
    <ClInclude Include="soloud_misc.h">
      <Filter>Libraries\soloud</Filter>
    </ClInclude>
    <ClInclude Include="soloud_monotone.h">
      <Filter>Libraries\soloud</Filter>
    </ClInclude>
    <ClInclude Include="soloud_noise.h">
      <Filter>Libraries\soloud</Filter>
    </ClInclude>
    <ClInclude Include="soloud_openmpt.h">
      <Filter>Libraries\soloud</Filter>
    </ClInclude>
    <ClInclude Include="soloud_queue.h">
      <Filter>Libraries\soloud</Filter>
    </ClInclude>
    <ClInclude Include="soloud_robotizefilter.h">
      <Filter>Libraries\soloud</Filter>
    </ClInclude>
    <ClInclude Include="soloud_sfxr.h">
      <Filter>Libraries\soloud</Filter>
    </ClInclude>
    <ClInclude Include="soloud_speech.h">
      <Filter>Libraries\soloud</Filter>
    </ClInclude>
    <ClInclude Include="soloud_tedsid.h">
      <Filter>Libraries\soloud</Filter>
    </ClInclude>
    <ClInclude Include="soloud_thread.h">
      <Filter>Libraries\soloud</Filter>
    </ClInclude>
    <ClInclude Include="soloud_vic.h">
      <Filter>Libraries\soloud</Filter>
    </ClInclude>
    <ClInclude Include="soloud_vizsn.h">
      <Filter>Libraries\soloud</Filter>
    </ClInclude>
    <ClInclude Include="soloud_wav.h">
      <Filter>Libraries\soloud</Filter>
    </ClInclude>
    <ClInclude Include="soloud_waveshaperfilter.h">
      <Filter>Libraries\soloud</Filter>
    </ClInclude>
    <ClInclude Include="soloud_wavstream.h">
      <Filter>Libraries\soloud</Filter>
    </ClInclude>
    <ClInclude Include="stb_vorbis.h">
      <Filter>Libraries\soloud</Filter>
    </ClInclude>
    <ClInclude Include="M_Audio.h">
      <Filter>Header Files\Audio</Filter>
    </ClInclude>
    <ClInclude Include="miniaudio.h">
      <Filter>Libraries\soloud</Filter>
    </ClInclude>
    <ClInclude Include="M_AudioSourceComponent.h">
      <Filter>Header Files\Components</Filter>
    </ClInclude>
    <ClInclude Include="M_AudioListenerComponent.h">
      <Filter>Header Files\Components</Filter>
    </ClInclude>
    <ClInclude Include="M_DirtyComponent.h">
      <Filter>Header Files\Components</Filter>
    </ClInclude>
    <ClInclude Include="M_RenderableComponent.h">
      <Filter>Header Files\Components</Filter>
    </ClInclude>
    <ClInclude Include="M_Rendering_PixelFormat.h">
      <Filter>Header Files\Rendering</Filter>
    </ClInclude>
    <ClInclude Include="M_Template.h">
      <Filter>Header Files</Filter>
    </ClInclude>
    <ClInclude Include="M_Asset.h">
      <Filter>Header Files\Files</Filter>
    </ClInclude>
    <ClInclude Include="M_Builtin.h">
      <Filter>Header Files\Builtin</Filter>
    </ClInclude>
    <ClInclude Include="M_RenderEngine.h">
      <Filter>Header Files\Rendering</Filter>
    </ClInclude>
    <ClInclude Include="M_Wrap.h">
      <Filter>Header Files\Files</Filter>
    </ClInclude>
    <ClInclude Include="M_Resource.h">
      <Filter>Header Files\Files</Filter>
    </ClInclude>
    <ClInclude Include="M_Wrapper.h">
      <Filter>Header Files\Files</Filter>
    </ClInclude>
    <ClInclude Include="M_Compression.h">
      <Filter>Header Files</Filter>
    </ClInclude>
    <ClInclude Include="M_PhysicalFile.h">
      <Filter>Header Files\Files</Filter>
    </ClInclude>
    <ClInclude Include="M_VirtualFile.h">
      <Filter>Header Files\Files</Filter>
    </ClInclude>
    <ClInclude Include="M_Rendering_SpritePushData.h">
      <Filter>Header Files\Rendering</Filter>
    </ClInclude>
    <ClInclude Include="M_Macros.h">
      <Filter>Header Files</Filter>
    </ClInclude>
    <ClInclude Include="M_Rendering_UIPushData.h">
      <Filter>Header Files\Rendering</Filter>
    </ClInclude>
    <ClInclude Include="M_Rendering_SpriteBuilder.h">
      <Filter>Header Files\Rendering</Filter>
    </ClInclude>
    <ClInclude Include="M_CoordinateMode.h">
      <Filter>Header Files\Rendering</Filter>
    </ClInclude>
    <ClInclude Include="M_TextureAtlas.h">
      <Filter>Header Files\Rendering</Filter>
    </ClInclude>
    <ClInclude Include="M_Rendering_TextureAtlasBuilder.h">
      <Filter>Header Files\Rendering</Filter>
    </ClInclude>
    <ClInclude Include="M_FiniteStateMachine.h">
      <Filter>Header Files</Filter>
    </ClInclude>
    <ClInclude Include="M_AnimatorComponent.h">
      <Filter>Header Files\Components</Filter>
    </ClInclude>
    <ClInclude Include="M_Animation.h">
      <Filter>Header Files\Animation</Filter>
    </ClInclude>
    <ClInclude Include="M_AnimationSystem.h">
      <Filter>Header Files\Animation</Filter>
    </ClInclude>
    <ClInclude Include="M_AnimationBuilder.h">
      <Filter>Header Files\Animation</Filter>
    </ClInclude>
    <ClInclude Include="M_Animator.h">
      <Filter>Header Files\Animation</Filter>
    </ClInclude>
    <ClInclude Include="M_AnimatorBuilder.h">
      <Filter>Header Files\Animation</Filter>
    </ClInclude>
    <ClInclude Include="M_Lookup.h">
      <Filter>Header Files</Filter>
    </ClInclude>
  </ItemGroup>
  <ItemGroup>
    <ClCompile Include="dllmain.cpp">
      <Filter>Source Files</Filter>
    </ClCompile>
    <ClCompile Include="pch.cpp">
      <Filter>Source Files</Filter>
    </ClCompile>
    <ClCompile Include="M_Runtime.cpp">
      <Filter>Source Files</Filter>
    </ClCompile>
    <ClCompile Include="M_Engine.cpp">
      <Filter>Source Files</Filter>
    </ClCompile>
    <ClCompile Include="M_CommandLineParser.cpp">
      <Filter>Source Files</Filter>
    </ClCompile>
    <ClCompile Include="M_Window.cpp">
      <Filter>Source Files</Filter>
    </ClCompile>
    <ClCompile Include="M_Color.cpp">
      <Filter>Source Files</Filter>
    </ClCompile>
    <ClCompile Include="M_Object.cpp">
      <Filter>Source Files</Filter>
    </ClCompile>
    <ClCompile Include="M_Math.cpp">
      <Filter>Source Files</Filter>
    </ClCompile>
    <ClCompile Include="M_Console.cpp">
      <Filter>Source Files</Filter>
    </ClCompile>
    <ClCompile Include="M_Stopwatch.cpp">
      <Filter>Source Files</Filter>
    </ClCompile>
    <ClCompile Include="M_Rect.cpp">
      <Filter>Source Files</Filter>
    </ClCompile>
    <ClCompile Include="M_RectF.cpp">
      <Filter>Source Files</Filter>
    </ClCompile>
    <ClCompile Include="M_File.cpp">
      <Filter>Source Files</Filter>
    </ClCompile>
    <ClCompile Include="M_Mesh.cpp">
      <Filter>Source Files</Filter>
    </ClCompile>
    <ClCompile Include="M_Texture.cpp">
      <Filter>Source Files</Filter>
    </ClCompile>
    <ClCompile Include="M_InputMap.cpp">
      <Filter>Source Files</Filter>
    </ClCompile>
    <ClCompile Include="M_MaterialTemplate.cpp">
      <Filter>Source Files</Filter>
    </ClCompile>
    <ClCompile Include="M_Viewport.cpp">
      <Filter>Source Files</Filter>
    </ClCompile>
    <ClCompile Include="M_Shader.cpp">
      <Filter>Source Files</Filter>
    </ClCompile>
    <ClCompile Include="M_Scene.cpp">
      <Filter>Source Files</Filter>
    </ClCompile>
    <ClCompile Include="M_System.cpp">
      <Filter>Source Files</Filter>
    </ClCompile>
    <ClCompile Include="M_SystemRegistry.cpp">
      <Filter>Source Files</Filter>
    </ClCompile>
    <ClCompile Include="M_Node.cpp">
      <Filter>Source Files</Filter>
    </ClCompile>
    <ClCompile Include="M_EntityRegistry.cpp">
      <Filter>Source Files</Filter>
    </ClCompile>
    <ClCompile Include="M_SceneManager.cpp">
      <Filter>Source Files</Filter>
    </ClCompile>
    <ClCompile Include="M_NameComponent.cpp">
      <Filter>Source Files</Filter>
    </ClCompile>
    <ClCompile Include="M_Reader.cpp">
      <Filter>Source Files</Filter>
    </ClCompile>
    <ClCompile Include="M_Writer.cpp">
      <Filter>Source Files</Filter>
    </ClCompile>
    <ClCompile Include="M_Parse.cpp">
      <Filter>Source Files</Filter>
    </ClCompile>
    <ClCompile Include="M_CameraComponent.cpp">
      <Filter>Source Files</Filter>
    </ClCompile>
    <ClCompile Include="M_MeshComponent.cpp">
      <Filter>Source Files</Filter>
    </ClCompile>
    <ClCompile Include="M_Info.cpp">
      <Filter>Source Files</Filter>
    </ClCompile>
    <ClCompile Include="M_Rendering_ShaderBuilder.cpp">
      <Filter>Source Files</Filter>
    </ClCompile>
    <ClCompile Include="M_Rendering_Object.cpp">
      <Filter>Source Files</Filter>
    </ClCompile>
    <ClCompile Include="M_Error.cpp">
      <Filter>Source Files</Filter>
    </ClCompile>
    <ClCompile Include="M_Quaternion.cpp">
      <Filter>Source Files</Filter>
    </ClCompile>
    <ClCompile Include="M_Vector.cpp">
      <Filter>Source Files</Filter>
    </ClCompile>
    <ClCompile Include="M_CursorMode.cpp">
      <Filter>Source Files</Filter>
    </ClCompile>
    <ClCompile Include="M_Key.cpp">
      <Filter>Source Files</Filter>
    </ClCompile>
    <ClCompile Include="M_KeyAction.cpp">
      <Filter>Source Files</Filter>
    </ClCompile>
    <ClCompile Include="M_KeyModifiers.cpp">
      <Filter>Source Files</Filter>
    </ClCompile>
    <ClCompile Include="M_MouseButton.cpp">
      <Filter>Source Files</Filter>
    </ClCompile>
    <ClCompile Include="M_Matrix.cpp">
      <Filter>Source Files</Filter>
    </ClCompile>
    <ClCompile Include="M_RelationshipComponent.cpp">
      <Filter>Source Files</Filter>
    </ClCompile>
    <ClCompile Include="M_TransformComponent.cpp">
      <Filter>Source Files</Filter>
    </ClCompile>
    <ClCompile Include="M_Transform.cpp">
      <Filter>Source Files</Filter>
    </ClCompile>
    <ClCompile Include="M_DirtyComponent.cpp">
      <Filter>Source Files</Filter>
    </ClCompile>
    <ClCompile Include="M_Encoding.cpp">
      <Filter>Source Files</Filter>
    </ClCompile>
    <ClCompile Include="M_Sprite.cpp">
      <Filter>Source Files</Filter>
    </ClCompile>
    <ClCompile Include="M_SpriteComponent.cpp">
      <Filter>Source Files</Filter>
    </ClCompile>
    <ClCompile Include="M_UISystem.cpp">
      <Filter>Source Files</Filter>
    </ClCompile>
    <ClCompile Include="M_UITransformComponent.cpp">
      <Filter>Source Files</Filter>
    </ClCompile>
    <ClCompile Include="M_ShaderPass.cpp">
      <Filter>Source Files</Filter>
    </ClCompile>
    <ClCompile Include="M_Material.cpp">
      <Filter>Source Files</Filter>
    </ClCompile>
    <ClCompile Include="M_Rendering_DescriptorSet.cpp">
      <Filter>Source Files</Filter>
    </ClCompile>
    <ClCompile Include="M_Dynamic.cpp">
      <Filter>Source Files</Filter>
    </ClCompile>
    <ClCompile Include="vulkan.cpp">
      <Filter>Source Files</Filter>
    </ClCompile>
    <ClCompile Include="M_String.cpp">
      <Filter>Source Files</Filter>
    </ClCompile>
    <ClCompile Include="M_AudioEngine.cpp">
      <Filter>Source Files</Filter>
    </ClCompile>
    <ClCompile Include="dr_impl.cpp">
      <Filter>Libraries\soloud</Filter>
    </ClCompile>
    <ClCompile Include="soloud.cpp">
      <Filter>Libraries\soloud</Filter>
    </ClCompile>
    <ClCompile Include="soloud_audiosource.cpp">
      <Filter>Libraries\soloud</Filter>
    </ClCompile>
    <ClCompile Include="soloud_bus.cpp">
      <Filter>Libraries\soloud</Filter>
    </ClCompile>
    <ClCompile Include="soloud_core_3d.cpp">
      <Filter>Libraries\soloud</Filter>
    </ClCompile>
    <ClCompile Include="soloud_core_basicops.cpp">
      <Filter>Libraries\soloud</Filter>
    </ClCompile>
    <ClCompile Include="soloud_core_faderops.cpp">
      <Filter>Libraries\soloud</Filter>
    </ClCompile>
    <ClCompile Include="soloud_core_filterops.cpp">
      <Filter>Libraries\soloud</Filter>
    </ClCompile>
    <ClCompile Include="soloud_core_getters.cpp">
      <Filter>Libraries\soloud</Filter>
    </ClCompile>
    <ClCompile Include="soloud_core_setters.cpp">
      <Filter>Libraries\soloud</Filter>
    </ClCompile>
    <ClCompile Include="soloud_core_voicegroup.cpp">
      <Filter>Libraries\soloud</Filter>
    </ClCompile>
    <ClCompile Include="soloud_core_voiceops.cpp">
      <Filter>Libraries\soloud</Filter>
    </ClCompile>
    <ClCompile Include="soloud_fader.cpp">
      <Filter>Libraries\soloud</Filter>
    </ClCompile>
    <ClCompile Include="soloud_fft.cpp">
      <Filter>Libraries\soloud</Filter>
    </ClCompile>
    <ClCompile Include="soloud_fft_lut.cpp">
      <Filter>Libraries\soloud</Filter>
    </ClCompile>
    <ClCompile Include="soloud_file.cpp">
      <Filter>Libraries\soloud</Filter>
    </ClCompile>
    <ClCompile Include="soloud_filter.cpp">
      <Filter>Libraries\soloud</Filter>
    </ClCompile>
    <ClCompile Include="soloud_miniaudio.cpp">
      <Filter>Libraries\soloud</Filter>
    </ClCompile>
    <ClCompile Include="soloud_misc.cpp">
      <Filter>Libraries\soloud</Filter>
    </ClCompile>
    <ClCompile Include="soloud_queue.cpp">
      <Filter>Libraries\soloud</Filter>
    </ClCompile>
    <ClCompile Include="soloud_thread.cpp">
      <Filter>Libraries\soloud</Filter>
    </ClCompile>
    <ClCompile Include="soloud_wav.cpp">
      <Filter>Libraries\soloud</Filter>
    </ClCompile>
    <ClCompile Include="soloud_wavstream.cpp">
      <Filter>Libraries\soloud</Filter>
    </ClCompile>
    <ClCompile Include="stb_vorbis.cpp">
      <Filter>Libraries\soloud</Filter>
    </ClCompile>
    <ClCompile Include="M_AudioClip.cpp">
      <Filter>Source Files</Filter>
    </ClCompile>
    <ClCompile Include="M_AudioSourceComponent.cpp">
      <Filter>Source Files</Filter>
    </ClCompile>
    <ClCompile Include="M_Asset.cpp">
      <Filter>Source Files</Filter>
    </ClCompile>
    <ClCompile Include="M_AudioListenerComponent.cpp">
      <Filter>Source Files</Filter>
    </ClCompile>
    <ClCompile Include="M_RenderableComponent.cpp">
      <Filter>Source Files</Filter>
    </ClCompile>
    <ClCompile Include="M_RenderEngine.cpp">
      <Filter>Source Files</Filter>
    </ClCompile>
    <ClCompile Include="M_Rendering_PixelFormat.cpp">
      <Filter>Source Files</Filter>
    </ClCompile>
    <ClCompile Include="M_Template.cpp">
      <Filter>Source Files</Filter>
    </ClCompile>
    <ClCompile Include="M_Wrap.cpp">
      <Filter>Source Files</Filter>
    </ClCompile>
    <ClCompile Include="M_Wrapper.cpp">
      <Filter>Source Files</Filter>
    </ClCompile>
    <ClCompile Include="M_Compression.cpp">
      <Filter>Source Files</Filter>
    </ClCompile>
    <ClCompile Include="M_PhysicalFile.cpp">
      <Filter>Source Files</Filter>
    </ClCompile>
    <ClCompile Include="M_VirtualFile.cpp">
      <Filter>Source Files</Filter>
    </ClCompile>
    <ClCompile Include="M_PixelCoordinateMode.cpp">
      <Filter>Source Files</Filter>
    </ClCompile>
    <ClCompile Include="M_TextureAtlas.cpp">
      <Filter>Source Files</Filter>
    </ClCompile>
    <ClCompile Include="M_AnimationSystem.cpp">
      <Filter>Source Files</Filter>
    </ClCompile>
    <ClCompile Include="M_Animation.cpp">
      <Filter>Source Files</Filter>
    </ClCompile>
    <ClCompile Include="M_FiniteStateMachine.cpp">
      <Filter>Source Files</Filter>
    </ClCompile>
    <ClCompile Include="M_Rendering_PushConstantInfo.cpp">
      <Filter>Source Files</Filter>
    </ClCompile>
    <ClCompile Include="M_Rendering_Buffer.cpp">
      <Filter>Source Files</Filter>
    </ClCompile>
  </ItemGroup>
  <ItemGroup>
    <Text Include="notes.txt" />
  </ItemGroup>
  <ItemGroup>
    <None Include="M_Constants.h">
      <Filter>Header Files</Filter>
    </None>
    <None Include="ui.vert">
      <Filter>Resource Files\Shaders</Filter>
    </None>
    <None Include="ui.frag">
      <Filter>Resource Files\Shaders</Filter>
    </None>
    <None Include="uifrag.spv">
      <Filter>Resource Files\Shaders</Filter>
    </None>
    <None Include="uivert.spv">
      <Filter>Resource Files\Shaders</Filter>
    </None>
    <None Include="README_Wrap_Files.md" />
    <None Include="packages.config" />
  </ItemGroup>
</Project>